
Microsoft Visual Studio Solution File, Format Version 12.00
# Visual Studio Version 17
VisualStudioVersion = 17.7.34031.279
MinimumVisualStudioVersion = 10.0.40219.1
Project("{FAE04EC0-301F-11D3-BF4B-00C04F79EFBC}") = "Lab8", "Lab8.csproj", "{716E84A4-FA7D-427F-8C57-4AE61269FFAC}"
EndProject
Global
	GlobalSection(SolutionConfigurationPlatforms) = preSolution
		Debug|Any CPU = Debug|Any CPU
		Release|Any CPU = Release|Any CPU
	EndGlobalSection
	GlobalSection(ProjectConfigurationPlatforms) = postSolution
		{716E84A4-FA7D-427F-8C57-4AE61269FFAC}.Debug|Any CPU.ActiveCfg = Debug|Any CPU
		{716E84A4-FA7D-427F-8C57-4AE61269FFAC}.Debug|Any CPU.Build.0 = Debug|Any CPU
		{716E84A4-FA7D-427F-8C57-4AE61269FFAC}.Release|Any CPU.ActiveCfg = Release|Any CPU
		{716E84A4-FA7D-427F-8C57-4AE61269FFAC}.Release|Any CPU.Build.0 = Release|Any CPU
	EndGlobalSection
	GlobalSection(SolutionProperties) = preSolution
		HideSolutionNode = FALSE
	EndGlobalSection
	GlobalSection(ExtensibilityGlobals) = postSolution
		SolutionGuid = {2EFEE9C8-FA65-4A14-8045-542DBF0517B1}
	EndGlobalSection
EndGlobal
