
Microsoft Visual Studio Solution File, Format Version 12.00
# Visual Studio Version 17
VisualStudioVersion = 17.7.34031.279
MinimumVisualStudioVersion = 10.0.40219.1
Project("{FAE04EC0-301F-11D3-BF4B-00C04F79EFBC}") = "Task1", "Task1.csproj", "{C23F241F-F936-429F-A239-C64EEA9DD349}"
EndProject
Global
	GlobalSection(SolutionConfigurationPlatforms) = preSolution
		Debug|Any CPU = Debug|Any CPU
		Release|Any CPU = Release|Any CPU
	EndGlobalSection
	GlobalSection(ProjectConfigurationPlatforms) = postSolution
		{C23F241F-F936-429F-A239-C64EEA9DD349}.Debug|Any CPU.ActiveCfg = Debug|Any CPU
		{C23F241F-F936-429F-A239-C64EEA9DD349}.Debug|Any CPU.Build.0 = Debug|Any CPU
		{C23F241F-F936-429F-A239-C64EEA9DD349}.Release|Any CPU.ActiveCfg = Release|Any CPU
		{C23F241F-F936-429F-A239-C64EEA9DD349}.Release|Any CPU.Build.0 = Release|Any CPU
	EndGlobalSection
	GlobalSection(SolutionProperties) = preSolution
		HideSolutionNode = FALSE
	EndGlobalSection
	GlobalSection(ExtensibilityGlobals) = postSolution
		SolutionGuid = {34987686-EE2E-4EE2-AC02-14291F1641FF}
	EndGlobalSection
EndGlobal
