
Microsoft Visual Studio Solution File, Format Version 12.00
# Visual Studio Version 17
VisualStudioVersion = 17.7.34031.279
MinimumVisualStudioVersion = 10.0.40219.1
Project("{FAE04EC0-301F-11D3-BF4B-00C04F79EFBC}") = "Lab9", "Lab9.csproj", "{929AAF40-A4B4-4E86-9C0C-6F7995FFD3CF}"
EndProject
Global
	GlobalSection(SolutionConfigurationPlatforms) = preSolution
		Debug|Any CPU = Debug|Any CPU
		Release|Any CPU = Release|Any CPU
	EndGlobalSection
	GlobalSection(ProjectConfigurationPlatforms) = postSolution
		{929AAF40-A4B4-4E86-9C0C-6F7995FFD3CF}.Debug|Any CPU.ActiveCfg = Debug|Any CPU
		{929AAF40-A4B4-4E86-9C0C-6F7995FFD3CF}.Debug|Any CPU.Build.0 = Debug|Any CPU
		{929AAF40-A4B4-4E86-9C0C-6F7995FFD3CF}.Release|Any CPU.ActiveCfg = Release|Any CPU
		{929AAF40-A4B4-4E86-9C0C-6F7995FFD3CF}.Release|Any CPU.Build.0 = Release|Any CPU
	EndGlobalSection
	GlobalSection(SolutionProperties) = preSolution
		HideSolutionNode = FALSE
	EndGlobalSection
	GlobalSection(ExtensibilityGlobals) = postSolution
		SolutionGuid = {22D6E618-3FEA-4E54-8BB1-627C8AA780FE}
	EndGlobalSection
EndGlobal
